<?xml version="1.0" encoding="utf-8"?>
<Project ToolsVersion="4.0" xmlns="http://schemas.microsoft.com/developer/msbuild/2003">
  <ItemGroup>
    <Filter Include="Source Files">
      <UniqueIdentifier>{4FC737F1-C7A5-4376-A066-2A32D752A2FF}</UniqueIdentifier>
      <Extensions>cpp;c;cc;cxx;c++;cppm;ixx;def;odl;idl;hpj;bat;asm;asmx</Extensions>
    </Filter>
    <Filter Include="Header Files">
      <UniqueIdentifier>{93995380-89BD-4b04-88EB-625FBE52EBFB}</UniqueIdentifier>
      <Extensions>h;hh;hpp;hxx;h++;hm;inl;inc;ipp;xsd</Extensions>
    </Filter>
    <Filter Include="Resource Files">
      <UniqueIdentifier>{67DA6AB6-F800-4c08-8B7A-83BB121AAD01}</UniqueIdentifier>
      <Extensions>rc;ico;cur;bmp;dlg;rc2;rct;bin;rgs;gif;jpg;jpeg;jpe;resx;tiff;tif;png;wav;mfcribbon-ms</Extensions>
    </Filter>
    <Filter Include="Header Files\imgui">
      <UniqueIdentifier>{5997b197-3965-4ae2-93cb-004fe1fec44a}</UniqueIdentifier>
    </Filter>
    <Filter Include="Source Files\imgui">
      <UniqueIdentifier>{a628e6c4-56fc-4756-8765-a14f4e73c3d0}</UniqueIdentifier>
    </Filter>
    <Filter Include="Source Files\imgui-node-editor">
      <UniqueIdentifier>{daba5265-cf9a-4833-be0a-e6c98f0e7ae3}</UniqueIdentifier>
    </Filter>
    <Filter Include="Header Files\imgui-node-editor">
      <UniqueIdentifier>{2b443a66-ae58-4391-9833-6953fd760135}</UniqueIdentifier>
    </Filter>
    <Filter Include="Header Files\application">
      <UniqueIdentifier>{13adc783-2234-4f4a-9e03-5c00bc7f45e2}</UniqueIdentifier>
    </Filter>
    <Filter Include="Source Files\application">
      <UniqueIdentifier>{dd21b98f-503e-4f11-b8c5-cda7f9952533}</UniqueIdentifier>
    </Filter>
    <Filter Include="Header Files\stb_image">
      <UniqueIdentifier>{efe4a82d-095e-455b-ada7-1c8c1fcff500}</UniqueIdentifier>
    </Filter>
    <Filter Include="Source Files\nodes">
      <UniqueIdentifier>{44fb1901-e38b-44d1-a9b4-00a003157b71}</UniqueIdentifier>
    </Filter>
    <Filter Include="Header Files\nodes">
      <UniqueIdentifier>{3c329024-8963-4b24-a8b4-bd8ea812398b}</UniqueIdentifier>
    </Filter>
  </ItemGroup>
  <ItemGroup>
    <ClCompile Include="main.cpp">
      <Filter>Source Files</Filter>
    </ClCompile>
    <ClCompile Include="..\externals\imgui\imgui.cpp">
      <Filter>Source Files\imgui</Filter>
    </ClCompile>
    <ClCompile Include="..\externals\imgui\imgui_demo.cpp">
      <Filter>Source Files\imgui</Filter>
    </ClCompile>
    <ClCompile Include="..\externals\imgui\imgui_draw.cpp">
      <Filter>Source Files\imgui</Filter>
    </ClCompile>
    <ClCompile Include="..\externals\imgui\imgui_tables.cpp">
      <Filter>Source Files\imgui</Filter>
    </ClCompile>
    <ClCompile Include="..\externals\imgui\imgui_widgets.cpp">
      <Filter>Source Files\imgui</Filter>
    </ClCompile>
    <ClCompile Include="..\externals\imgui-node-editor\crude_json.cpp">
      <Filter>Source Files\imgui-node-editor</Filter>
    </ClCompile>
    <ClCompile Include="..\externals\imgui-node-editor\imgui_canvas.cpp">
      <Filter>Source Files\imgui-node-editor</Filter>
    </ClCompile>
    <ClCompile Include="..\externals\imgui-node-editor\imgui_node_editor.cpp">
      <Filter>Source Files\imgui-node-editor</Filter>
    </ClCompile>
    <ClCompile Include="..\externals\imgui-node-editor\imgui_node_editor_api.cpp">
      <Filter>Source Files\imgui-node-editor</Filter>
    </ClCompile>
    <ClCompile Include="..\externals\application\application.cpp">
      <Filter>Source Files\application</Filter>
    </ClCompile>
    <ClCompile Include="..\externals\application\entry_point.cpp">
      <Filter>Source Files\application</Filter>
    </ClCompile>
    <ClCompile Include="..\externals\application\imgui_impl_dx11.cpp">
      <Filter>Source Files\application</Filter>
    </ClCompile>
    <ClCompile Include="..\externals\application\imgui_impl_glfw.cpp">
      <Filter>Source Files\application</Filter>
    </ClCompile>
    <ClCompile Include="..\externals\application\imgui_impl_opengl3.cpp">
      <Filter>Source Files\application</Filter>
    </ClCompile>
    <ClCompile Include="..\externals\application\imgui_impl_win32.cpp">
      <Filter>Source Files\application</Filter>
    </ClCompile>
    <ClCompile Include="..\externals\application\platform_glfw.cpp">
      <Filter>Source Files\application</Filter>
    </ClCompile>
    <ClCompile Include="..\externals\application\platform_win32.cpp">
      <Filter>Source Files\application</Filter>
    </ClCompile>
    <ClCompile Include="..\externals\application\renderer_dx11.cpp">
      <Filter>Source Files\application</Filter>
    </ClCompile>
    <ClCompile Include="..\externals\application\renderer_ogl3.cpp">
      <Filter>Source Files\application</Filter>
    </ClCompile>
    <ClCompile Include="ImageEditorApp.cpp">
      <Filter>Source Files</Filter>
    </ClCompile>
    <ClCompile Include="nodes\Node.cpp">
      <Filter>Source Files\nodes</Filter>
    </ClCompile>
  </ItemGroup>
  <ItemGroup>
    <ClInclude Include="..\externals\imgui\imconfig.h">
      <Filter>Header Files\imgui</Filter>
    </ClInclude>
    <ClInclude Include="..\externals\imgui\imgui.h">
      <Filter>Header Files\imgui</Filter>
    </ClInclude>
    <ClInclude Include="..\externals\imgui\imgui_internal.h">
      <Filter>Header Files\imgui</Filter>
    </ClInclude>
    <ClInclude Include="..\externals\imgui\imstb_rectpack.h">
      <Filter>Header Files\imgui</Filter>
    </ClInclude>
    <ClInclude Include="..\externals\imgui\imstb_textedit.h">
      <Filter>Header Files\imgui</Filter>
    </ClInclude>
    <ClInclude Include="..\externals\imgui\imstb_truetype.h">
      <Filter>Header Files\imgui</Filter>
    </ClInclude>
    <ClInclude Include="..\externals\imgui-node-editor\crude_json.h">
      <Filter>Header Files\imgui-node-editor</Filter>
    </ClInclude>
    <ClInclude Include="..\externals\imgui-node-editor\imgui_bezier_math.h">
      <Filter>Header Files\imgui-node-editor</Filter>
    </ClInclude>
    <ClInclude Include="..\externals\imgui-node-editor\imgui_canvas.h">
      <Filter>Header Files\imgui-node-editor</Filter>
    </ClInclude>
    <ClInclude Include="..\externals\imgui-node-editor\imgui_extra_math.h">
      <Filter>Header Files\imgui-node-editor</Filter>
    </ClInclude>
    <ClInclude Include="..\externals\imgui-node-editor\imgui_node_editor.h">
      <Filter>Header Files\imgui-node-editor</Filter>
    </ClInclude>
    <ClInclude Include="..\externals\imgui-node-editor\imgui_node_editor_internal.h">
      <Filter>Header Files\imgui-node-editor</Filter>
    </ClInclude>
    <ClInclude Include="..\externals\application\application.h">
      <Filter>Header Files\application</Filter>
    </ClInclude>
    <ClInclude Include="..\externals\application\config.h">
      <Filter>Header Files\application</Filter>
    </ClInclude>
    <ClInclude Include="..\externals\application\imgui_extra_keys.h">
      <Filter>Header Files\application</Filter>
    </ClInclude>
    <ClInclude Include="..\externals\application\imgui_impl_dx11.h">
      <Filter>Header Files\application</Filter>
    </ClInclude>
    <ClInclude Include="..\externals\application\imgui_impl_glfw.h">
      <Filter>Header Files\application</Filter>
    </ClInclude>
    <ClInclude Include="..\externals\application\imgui_impl_opengl3.h">
      <Filter>Header Files\application</Filter>
    </ClInclude>
    <ClInclude Include="..\externals\application\imgui_impl_opengl3_loader.h">
      <Filter>Header Files\application</Filter>
    </ClInclude>
    <ClInclude Include="..\externals\application\imgui_impl_win32.h">
      <Filter>Header Files\application</Filter>
    </ClInclude>
    <ClInclude Include="..\externals\application\platform.h">
      <Filter>Header Files\application</Filter>
    </ClInclude>
    <ClInclude Include="..\externals\application\renderer.h">
      <Filter>Header Files\application</Filter>
    </ClInclude>
    <ClInclude Include="..\externals\application\setup.h">
      <Filter>Header Files\application</Filter>
    </ClInclude>
    <ClInclude Include="..\externals\stb_image\stb_image.h">
      <Filter>Header Files\stb_image</Filter>
    </ClInclude>
    <ClInclude Include="ImageEditorApp.h">
      <Filter>Header Files</Filter>
    </ClInclude>
    <ClInclude Include="nodes\Node.h">
      <Filter>Header Files\nodes</Filter>
    </ClInclude>
  </ItemGroup>
</Project>